
Microsoft Visual Studio Solution File, Format Version 12.00
# Visual Studio Version 17
VisualStudioVersion = 17.8.34227.203
MinimumVisualStudioVersion = 10.0.40219.1
Project("{2150E333-8FDC-42A3-9474-1A3956D46DE8}") = "Core", "Core", "{AB3EB57D-ABE7-4891-B669-46F0BBFD35C5}"
EndProject
Project("{9A19103F-16F7-4668-BE54-9A1E7A4F7556}") = "Core.Azure.Functions", "Core\Core.Azure.Functions\Core.Azure.Functions.csproj", "{E35BC321-B8EB-4BFF-9059-FC4E90DA3B63}"
EndProject
Project("{00D1A9C2-B5F0-4AF3-8072-F6C62B433612}") = "Core.Database", "Core\Core.Database\Core.Database.sqlproj", "{F20C9A85-A15A-49A0-83B0-329960351C37}"
EndProject
Project("{9A19103F-16F7-4668-BE54-9A1E7A4F7556}") = "Core.Services", "Core\Core.Services\Core.Services.csproj", "{FF2E8DE4-DC12-4EA3-9319-8D31B229CD1B}"
EndProject
Project("{2150E333-8FDC-42A3-9474-1A3956D46DE8}") = "Inventory", "Inventory", "{2BC35084-5483-481B-8066-0FDA1859E8EB}"
EndProject
Project("{2150E333-8FDC-42A3-9474-1A3956D46DE8}") = "Notice", "Notice", "{8A1411BF-6853-488B-8C9F-D8D997215FA8}"
EndProject
Project("{2150E333-8FDC-42A3-9474-1A3956D46DE8}") = "Product", "Product", "{5F772A1D-AFB7-40F4-B671-31083FE931F2}"
EndProject
Project("{2150E333-8FDC-42A3-9474-1A3956D46DE8}") = "Purchase", "Purchase", "{246EE16E-1BAA-46C2-A296-025A739123E8}"
EndProject
Project("{2150E333-8FDC-42A3-9474-1A3956D46DE8}") = "Shipping", "Shipping", "{4259B664-7A81-429B-BEEC-539309CCE212}"
EndProject
Project("{00D1A9C2-B5F0-4AF3-8072-F6C62B433612}") = "Inventory.Database", "Inventory\Inventory.Database\Inventory.Database.sqlproj", "{68D82FD4-F6B5-414D-B765-45EE2D62E6F1}"
EndProject
Project("{00D1A9C2-B5F0-4AF3-8072-F6C62B433612}") = "Notice.Database", "Notice\Notice.Database\Notice.Database.sqlproj", "{3BF63258-A02B-47DD-AB18-354B126E13C1}"
EndProject
Project("{00D1A9C2-B5F0-4AF3-8072-F6C62B433612}") = "Purchase.Database", "Purchase\Purchase.Database\Purchase.Database.sqlproj", "{7A061B57-4E26-4CD8-84A8-2EAF168F58AE}"
EndProject
Project("{00D1A9C2-B5F0-4AF3-8072-F6C62B433612}") = "Shipping.Database", "Shipping\Shipping.Database\Shipping.Database.sqlproj", "{ABFDFDC3-23DD-457D-92D5-447A7BE21961}"
EndProject
Project("{FAE04EC0-301F-11D3-BF4B-00C04F79EFBC}") = "Inventory.Services", "Inventory\Inventory.Services\Inventory.Services.csproj", "{D2907E63-30C6-41C5-B1C8-353C382DF3B5}"
EndProject
Project("{FAE04EC0-301F-11D3-BF4B-00C04F79EFBC}") = "Notice.Services", "Notice\Notice.Services\Notice.Services.csproj", "{B97E4734-FF36-4285-B124-902502760A54}"
EndProject
Project("{9A19103F-16F7-4668-BE54-9A1E7A4F7556}") = "Product.Services", "Product\Product.Services\Product.Services.csproj", "{B9D22080-A799-466B-9B91-64B42759A186}"
EndProject
Project("{FAE04EC0-301F-11D3-BF4B-00C04F79EFBC}") = "Product.LoadDatabase", "Product\Product.LoadDatabase\Product.LoadDatabase.csproj", "{2E13175C-4BE7-4697-A3C1-8B8993AE3881}"
EndProject
Project("{FAE04EC0-301F-11D3-BF4B-00C04F79EFBC}") = "Purchase.Services", "Purchase\Purchase.Services\Purchase.Services.csproj", "{33114B0A-67A7-4C85-8620-20B8C49E9FDE}"
EndProject
Project("{FAE04EC0-301F-11D3-BF4B-00C04F79EFBC}") = "Shipping.Services", "Shipping\Shipping.Services\Shipping.Services.csproj", "{4F9F05A6-A4A1-4E6A-A8BE-EB5D04BD916A}"
EndProject
Global
	GlobalSection(SolutionConfigurationPlatforms) = preSolution
		Debug|Any CPU = Debug|Any CPU
		Release|Any CPU = Release|Any CPU
	EndGlobalSection
	GlobalSection(ProjectConfigurationPlatforms) = postSolution
		{E35BC321-B8EB-4BFF-9059-FC4E90DA3B63}.Debug|Any CPU.ActiveCfg = Debug|Any CPU
		{E35BC321-B8EB-4BFF-9059-FC4E90DA3B63}.Debug|Any CPU.Build.0 = Debug|Any CPU
		{E35BC321-B8EB-4BFF-9059-FC4E90DA3B63}.Release|Any CPU.ActiveCfg = Release|Any CPU
		{E35BC321-B8EB-4BFF-9059-FC4E90DA3B63}.Release|Any CPU.Build.0 = Release|Any CPU
		{F20C9A85-A15A-49A0-83B0-329960351C37}.Debug|Any CPU.ActiveCfg = Debug|Any CPU
		{F20C9A85-A15A-49A0-83B0-329960351C37}.Debug|Any CPU.Build.0 = Debug|Any CPU
		{F20C9A85-A15A-49A0-83B0-329960351C37}.Debug|Any CPU.Deploy.0 = Debug|Any CPU
		{F20C9A85-A15A-49A0-83B0-329960351C37}.Release|Any CPU.ActiveCfg = Release|Any CPU
		{F20C9A85-A15A-49A0-83B0-329960351C37}.Release|Any CPU.Build.0 = Release|Any CPU
		{F20C9A85-A15A-49A0-83B0-329960351C37}.Release|Any CPU.Deploy.0 = Release|Any CPU
		{FF2E8DE4-DC12-4EA3-9319-8D31B229CD1B}.Debug|Any CPU.ActiveCfg = Debug|Any CPU
		{FF2E8DE4-DC12-4EA3-9319-8D31B229CD1B}.Debug|Any CPU.Build.0 = Debug|Any CPU
		{FF2E8DE4-DC12-4EA3-9319-8D31B229CD1B}.Release|Any CPU.ActiveCfg = Release|Any CPU
		{FF2E8DE4-DC12-4EA3-9319-8D31B229CD1B}.Release|Any CPU.Build.0 = Release|Any CPU
		{68D82FD4-F6B5-414D-B765-45EE2D62E6F1}.Debug|Any CPU.ActiveCfg = Debug|Any CPU
		{68D82FD4-F6B5-414D-B765-45EE2D62E6F1}.Debug|Any CPU.Build.0 = Debug|Any CPU
		{68D82FD4-F6B5-414D-B765-45EE2D62E6F1}.Debug|Any CPU.Deploy.0 = Debug|Any CPU
		{68D82FD4-F6B5-414D-B765-45EE2D62E6F1}.Release|Any CPU.ActiveCfg = Release|Any CPU
		{68D82FD4-F6B5-414D-B765-45EE2D62E6F1}.Release|Any CPU.Build.0 = Release|Any CPU
		{68D82FD4-F6B5-414D-B765-45EE2D62E6F1}.Release|Any CPU.Deploy.0 = Release|Any CPU
		{3BF63258-A02B-47DD-AB18-354B126E13C1}.Debug|Any CPU.ActiveCfg = Debug|Any CPU
		{3BF63258-A02B-47DD-AB18-354B126E13C1}.Debug|Any CPU.Build.0 = Debug|Any CPU
		{3BF63258-A02B-47DD-AB18-354B126E13C1}.Debug|Any CPU.Deploy.0 = Debug|Any CPU
		{3BF63258-A02B-47DD-AB18-354B126E13C1}.Release|Any CPU.ActiveCfg = Release|Any CPU
		{3BF63258-A02B-47DD-AB18-354B126E13C1}.Release|Any CPU.Build.0 = Release|Any CPU
		{3BF63258-A02B-47DD-AB18-354B126E13C1}.Release|Any CPU.Deploy.0 = Release|Any CPU
		{7A061B57-4E26-4CD8-84A8-2EAF168F58AE}.Debug|Any CPU.ActiveCfg = Debug|Any CPU
		{7A061B57-4E26-4CD8-84A8-2EAF168F58AE}.Debug|Any CPU.Build.0 = Debug|Any CPU
		{7A061B57-4E26-4CD8-84A8-2EAF168F58AE}.Debug|Any CPU.Deploy.0 = Debug|Any CPU
		{7A061B57-4E26-4CD8-84A8-2EAF168F58AE}.Release|Any CPU.ActiveCfg = Release|Any CPU
		{7A061B57-4E26-4CD8-84A8-2EAF168F58AE}.Release|Any CPU.Build.0 = Release|Any CPU
		{7A061B57-4E26-4CD8-84A8-2EAF168F58AE}.Release|Any CPU.Deploy.0 = Release|Any CPU
		{ABFDFDC3-23DD-457D-92D5-447A7BE21961}.Debug|Any CPU.ActiveCfg = Debug|Any CPU
		{ABFDFDC3-23DD-457D-92D5-447A7BE21961}.Debug|Any CPU.Build.0 = Debug|Any CPU
		{ABFDFDC3-23DD-457D-92D5-447A7BE21961}.Debug|Any CPU.Deploy.0 = Debug|Any CPU
		{ABFDFDC3-23DD-457D-92D5-447A7BE21961}.Release|Any CPU.ActiveCfg = Release|Any CPU
		{ABFDFDC3-23DD-457D-92D5-447A7BE21961}.Release|Any CPU.Build.0 = Release|Any CPU
		{ABFDFDC3-23DD-457D-92D5-447A7BE21961}.Release|Any CPU.Deploy.0 = Release|Any CPU
		{D2907E63-30C6-41C5-B1C8-353C382DF3B5}.Debug|Any CPU.ActiveCfg = Debug|Any CPU
		{D2907E63-30C6-41C5-B1C8-353C382DF3B5}.Debug|Any CPU.Build.0 = Debug|Any CPU
		{D2907E63-30C6-41C5-B1C8-353C382DF3B5}.Release|Any CPU.ActiveCfg = Release|Any CPU
		{D2907E63-30C6-41C5-B1C8-353C382DF3B5}.Release|Any CPU.Build.0 = Release|Any CPU
		{B97E4734-FF36-4285-B124-902502760A54}.Debug|Any CPU.ActiveCfg = Debug|Any CPU
		{B97E4734-FF36-4285-B124-902502760A54}.Debug|Any CPU.Build.0 = Debug|Any CPU
		{B97E4734-FF36-4285-B124-902502760A54}.Release|Any CPU.ActiveCfg = Release|Any CPU
		{B97E4734-FF36-4285-B124-902502760A54}.Release|Any CPU.Build.0 = Release|Any CPU
		{B9D22080-A799-466B-9B91-64B42759A186}.Debug|Any CPU.ActiveCfg = Debug|Any CPU
		{B9D22080-A799-466B-9B91-64B42759A186}.Debug|Any CPU.Build.0 = Debug|Any CPU
		{B9D22080-A799-466B-9B91-64B42759A186}.Release|Any CPU.ActiveCfg = Release|Any CPU
		{B9D22080-A799-466B-9B91-64B42759A186}.Release|Any CPU.Build.0 = Release|Any CPU
		{2E13175C-4BE7-4697-A3C1-8B8993AE3881}.Debug|Any CPU.ActiveCfg = Debug|Any CPU
		{2E13175C-4BE7-4697-A3C1-8B8993AE3881}.Debug|Any CPU.Build.0 = Debug|Any CPU
		{2E13175C-4BE7-4697-A3C1-8B8993AE3881}.Release|Any CPU.ActiveCfg = Release|Any CPU
		{2E13175C-4BE7-4697-A3C1-8B8993AE3881}.Release|Any CPU.Build.0 = Release|Any CPU
		{33114B0A-67A7-4C85-8620-20B8C49E9FDE}.Debug|Any CPU.ActiveCfg = Debug|Any CPU
		{33114B0A-67A7-4C85-8620-20B8C49E9FDE}.Debug|Any CPU.Build.0 = Debug|Any CPU
		{33114B0A-67A7-4C85-8620-20B8C49E9FDE}.Release|Any CPU.ActiveCfg = Release|Any CPU
		{33114B0A-67A7-4C85-8620-20B8C49E9FDE}.Release|Any CPU.Build.0 = Release|Any CPU
		{4F9F05A6-A4A1-4E6A-A8BE-EB5D04BD916A}.Debug|Any CPU.ActiveCfg = Debug|Any CPU
		{4F9F05A6-A4A1-4E6A-A8BE-EB5D04BD916A}.Debug|Any CPU.Build.0 = Debug|Any CPU
		{4F9F05A6-A4A1-4E6A-A8BE-EB5D04BD916A}.Release|Any CPU.ActiveCfg = Release|Any CPU
		{4F9F05A6-A4A1-4E6A-A8BE-EB5D04BD916A}.Release|Any CPU.Build.0 = Release|Any CPU
	EndGlobalSection
	GlobalSection(SolutionProperties) = preSolution
		HideSolutionNode = FALSE
	EndGlobalSection
	GlobalSection(NestedProjects) = preSolution
		{E35BC321-B8EB-4BFF-9059-FC4E90DA3B63} = {AB3EB57D-ABE7-4891-B669-46F0BBFD35C5}
		{F20C9A85-A15A-49A0-83B0-329960351C37} = {AB3EB57D-ABE7-4891-B669-46F0BBFD35C5}
		{FF2E8DE4-DC12-4EA3-9319-8D31B229CD1B} = {AB3EB57D-ABE7-4891-B669-46F0BBFD35C5}
		{68D82FD4-F6B5-414D-B765-45EE2D62E6F1} = {2BC35084-5483-481B-8066-0FDA1859E8EB}
		{3BF63258-A02B-47DD-AB18-354B126E13C1} = {8A1411BF-6853-488B-8C9F-D8D997215FA8}
		{7A061B57-4E26-4CD8-84A8-2EAF168F58AE} = {246EE16E-1BAA-46C2-A296-025A739123E8}
		{ABFDFDC3-23DD-457D-92D5-447A7BE21961} = {4259B664-7A81-429B-BEEC-539309CCE212}
		{D2907E63-30C6-41C5-B1C8-353C382DF3B5} = {2BC35084-5483-481B-8066-0FDA1859E8EB}
		{B97E4734-FF36-4285-B124-902502760A54} = {8A1411BF-6853-488B-8C9F-D8D997215FA8}
		{B9D22080-A799-466B-9B91-64B42759A186} = {5F772A1D-AFB7-40F4-B671-31083FE931F2}
		{2E13175C-4BE7-4697-A3C1-8B8993AE3881} = {5F772A1D-AFB7-40F4-B671-31083FE931F2}
		{33114B0A-67A7-4C85-8620-20B8C49E9FDE} = {246EE16E-1BAA-46C2-A296-025A739123E8}
		{4F9F05A6-A4A1-4E6A-A8BE-EB5D04BD916A} = {4259B664-7A81-429B-BEEC-539309CCE212}
	EndGlobalSection
	GlobalSection(ExtensibilityGlobals) = postSolution
		SolutionGuid = {3DF7AF98-C615-4E00-851C-FBCD97F8BB48}
	EndGlobalSection
EndGlobal
