
Microsoft Visual Studio Solution File, Format Version 12.00
# Visual Studio Version 17
VisualStudioVersion = 17.7.33920.267
MinimumVisualStudioVersion = 10.0.40219.1
Project("{2150E333-8FDC-42A3-9474-1A3956D46DE8}") = "Product Management", "Product Management", "{301D6075-6E8E-448B-B4E1-2667538C599E}"
EndProject
Project("{9A19103F-16F7-4668-BE54-9A1E7A4F7556}") = "PM.LoadDatabase", "Product Management\PM.LoadDatabase\PM.LoadDatabase.csproj", "{FFC24FE7-3A60-4EBB-B9AE-467B8B272E51}"
EndProject
Project("{2150E333-8FDC-42A3-9474-1A3956D46DE8}") = "Inventory Management", "Inventory Management", "{535EEF89-F922-4C50-B714-184DBDAD6597}"
EndProject
Project("{00D1A9C2-B5F0-4AF3-8072-F6C62B433612}") = "IM.Database", "Inventory Management\IM.Database\IM.Database.sqlproj", "{F0225AB4-2836-492A-B0E2-6A0B0667E555}"
EndProject
Global
	GlobalSection(SolutionConfigurationPlatforms) = preSolution
		Debug|Any CPU = Debug|Any CPU
		Release|Any CPU = Release|Any CPU
	EndGlobalSection
	GlobalSection(ProjectConfigurationPlatforms) = postSolution
		{FFC24FE7-3A60-4EBB-B9AE-467B8B272E51}.Debug|Any CPU.ActiveCfg = Debug|Any CPU
		{FFC24FE7-3A60-4EBB-B9AE-467B8B272E51}.Debug|Any CPU.Build.0 = Debug|Any CPU
		{FFC24FE7-3A60-4EBB-B9AE-467B8B272E51}.Release|Any CPU.ActiveCfg = Release|Any CPU
		{FFC24FE7-3A60-4EBB-B9AE-467B8B272E51}.Release|Any CPU.Build.0 = Release|Any CPU
		{F0225AB4-2836-492A-B0E2-6A0B0667E555}.Debug|Any CPU.ActiveCfg = Debug|Any CPU
		{F0225AB4-2836-492A-B0E2-6A0B0667E555}.Debug|Any CPU.Build.0 = Debug|Any CPU
		{F0225AB4-2836-492A-B0E2-6A0B0667E555}.Debug|Any CPU.Deploy.0 = Debug|Any CPU
		{F0225AB4-2836-492A-B0E2-6A0B0667E555}.Release|Any CPU.ActiveCfg = Release|Any CPU
		{F0225AB4-2836-492A-B0E2-6A0B0667E555}.Release|Any CPU.Build.0 = Release|Any CPU
		{F0225AB4-2836-492A-B0E2-6A0B0667E555}.Release|Any CPU.Deploy.0 = Release|Any CPU
	EndGlobalSection
	GlobalSection(SolutionProperties) = preSolution
		HideSolutionNode = FALSE
	EndGlobalSection
	GlobalSection(NestedProjects) = preSolution
		{FFC24FE7-3A60-4EBB-B9AE-467B8B272E51} = {301D6075-6E8E-448B-B4E1-2667538C599E}
		{F0225AB4-2836-492A-B0E2-6A0B0667E555} = {535EEF89-F922-4C50-B714-184DBDAD6597}
	EndGlobalSection
	GlobalSection(ExtensibilityGlobals) = postSolution
		SolutionGuid = {46272F77-407E-4A65-AD1C-3B1479BE63E0}
	EndGlobalSection
EndGlobal
