
Microsoft Visual Studio Solution File, Format Version 12.00
# Visual Studio Version 17
VisualStudioVersion = 17.7.33920.267
MinimumVisualStudioVersion = 10.0.40219.1
Project("{2150E333-8FDC-42A3-9474-1A3956D46DE8}") = "Product Management", "Product Management", "{301D6075-6E8E-448B-B4E1-2667538C599E}"
EndProject
Project("{9A19103F-16F7-4668-BE54-9A1E7A4F7556}") = "PM.LoadDatabase", "Product Management\PM.LoadDatabase\PM.LoadDatabase.csproj", "{FFC24FE7-3A60-4EBB-B9AE-467B8B272E51}"
EndProject
Project("{2150E333-8FDC-42A3-9474-1A3956D46DE8}") = "Inventory Management", "Inventory Management", "{535EEF89-F922-4C50-B714-184DBDAD6597}"
EndProject
Project("{00D1A9C2-B5F0-4AF3-8072-F6C62B433612}") = "IM.Database", "Inventory Management\IM.Database\IM.Database.sqlproj", "{F0225AB4-2836-492A-B0E2-6A0B0667E555}"
EndProject
Project("{2150E333-8FDC-42A3-9474-1A3956D46DE8}") = "Order Management", "Order Management", "{0B879EDA-4DC3-4632-81D3-5F3807E070F3}"
EndProject
Project("{00D1A9C2-B5F0-4AF3-8072-F6C62B433612}") = "OM.Database", "Order Management\OM.Database\OM.Database.sqlproj", "{FE682F58-F6CA-4E1D-8DED-66BC07BA3972}"
EndProject
Project("{2150E333-8FDC-42A3-9474-1A3956D46DE8}") = "Shipping Management", "Shipping Management", "{B847CBC3-2B9F-46AE-8082-F37F9EDBAFC0}"
EndProject
Project("{00D1A9C2-B5F0-4AF3-8072-F6C62B433612}") = "SM.Database", "Shipping Management\SM.Database\SM.Database.sqlproj", "{5A4BB707-FB63-40A1-9AF9-A3553CD30C02}"
EndProject
Project("{2150E333-8FDC-42A3-9474-1A3956D46DE8}") = "Notification Management", "Notification Management", "{B7FAFCDD-492F-462B-94EA-59602F55033A}"
EndProject
Project("{00D1A9C2-B5F0-4AF3-8072-F6C62B433612}") = "NM.Database", "Notification Management\NM.Database\NM.Database.sqlproj", "{CF531B50-3AA2-44F8-A82B-D21F479CA781}"
EndProject
Project("{9A19103F-16F7-4668-BE54-9A1E7A4F7556}") = "IM.Services", "Inventory Management\IM.Services\IM.Services.csproj", "{9B51DEE9-FB4A-439E-81AC-0537378C2835}"
EndProject
Project("{9A19103F-16F7-4668-BE54-9A1E7A4F7556}") = "NM.Services", "Notification Management\NM.Services\NM.Services.csproj", "{E5586019-E47F-4EAF-A0D8-A403710F1046}"
EndProject
Project("{9A19103F-16F7-4668-BE54-9A1E7A4F7556}") = "OM.Services", "Order Management\OM.Services\OM.Services.csproj", "{1052C01C-620E-4458-A616-15510F9CBFA2}"
EndProject
Project("{9A19103F-16F7-4668-BE54-9A1E7A4F7556}") = "PM.Services", "Product Management\PM.Services\PM.Services.csproj", "{DA99F252-4324-45A9-A91D-47C1537F6EC0}"
EndProject
Project("{9A19103F-16F7-4668-BE54-9A1E7A4F7556}") = "SM.Services", "Shipping Management\SM.Services\SM.Services.csproj", "{47143F4A-308C-45E8-900E-E29BD71CE956}"
EndProject
Project("{2150E333-8FDC-42A3-9474-1A3956D46DE8}") = "Core", "Core", "{C249EE2A-3B49-40CF-8FD5-4CA8B512530B}"
EndProject
Project("{9A19103F-16F7-4668-BE54-9A1E7A4F7556}") = "Core", "Core\Core\Core.csproj", "{9960D716-A872-468B-A472-C89E2493AC25}"
EndProject
Project("{9A19103F-16F7-4668-BE54-9A1E7A4F7556}") = "ConsoleApp1", "ConsoleApp1\ConsoleApp1.csproj", "{68FC56CE-D97A-4AE9-9F96-C2D628A2A32B}"
EndProject
Project("{9A19103F-16F7-4668-BE54-9A1E7A4F7556}") = "OM.Functions", "Order Management\OM.Functions\OM.Functions.csproj", "{A52A3658-80E4-465F-857C-A2656E01D4D0}"
EndProject
Project("{9A19103F-16F7-4668-BE54-9A1E7A4F7556}") = "Core.Azure.Functions", "Core\Core.Azure.Functions\Core.Azure.Functions.csproj", "{2E80F237-FAE1-4BE8-AFD7-031F4AB7B939}"
EndProject
Global
	GlobalSection(SolutionConfigurationPlatforms) = preSolution
		Debug|Any CPU = Debug|Any CPU
		Release|Any CPU = Release|Any CPU
	EndGlobalSection
	GlobalSection(ProjectConfigurationPlatforms) = postSolution
		{FFC24FE7-3A60-4EBB-B9AE-467B8B272E51}.Debug|Any CPU.ActiveCfg = Debug|Any CPU
		{FFC24FE7-3A60-4EBB-B9AE-467B8B272E51}.Debug|Any CPU.Build.0 = Debug|Any CPU
		{FFC24FE7-3A60-4EBB-B9AE-467B8B272E51}.Release|Any CPU.ActiveCfg = Release|Any CPU
		{FFC24FE7-3A60-4EBB-B9AE-467B8B272E51}.Release|Any CPU.Build.0 = Release|Any CPU
		{F0225AB4-2836-492A-B0E2-6A0B0667E555}.Debug|Any CPU.ActiveCfg = Debug|Any CPU
		{F0225AB4-2836-492A-B0E2-6A0B0667E555}.Debug|Any CPU.Build.0 = Debug|Any CPU
		{F0225AB4-2836-492A-B0E2-6A0B0667E555}.Debug|Any CPU.Deploy.0 = Debug|Any CPU
		{F0225AB4-2836-492A-B0E2-6A0B0667E555}.Release|Any CPU.ActiveCfg = Release|Any CPU
		{F0225AB4-2836-492A-B0E2-6A0B0667E555}.Release|Any CPU.Build.0 = Release|Any CPU
		{F0225AB4-2836-492A-B0E2-6A0B0667E555}.Release|Any CPU.Deploy.0 = Release|Any CPU
		{FE682F58-F6CA-4E1D-8DED-66BC07BA3972}.Debug|Any CPU.ActiveCfg = Debug|Any CPU
		{FE682F58-F6CA-4E1D-8DED-66BC07BA3972}.Debug|Any CPU.Build.0 = Debug|Any CPU
		{FE682F58-F6CA-4E1D-8DED-66BC07BA3972}.Debug|Any CPU.Deploy.0 = Debug|Any CPU
		{FE682F58-F6CA-4E1D-8DED-66BC07BA3972}.Release|Any CPU.ActiveCfg = Release|Any CPU
		{FE682F58-F6CA-4E1D-8DED-66BC07BA3972}.Release|Any CPU.Build.0 = Release|Any CPU
		{FE682F58-F6CA-4E1D-8DED-66BC07BA3972}.Release|Any CPU.Deploy.0 = Release|Any CPU
		{5A4BB707-FB63-40A1-9AF9-A3553CD30C02}.Debug|Any CPU.ActiveCfg = Debug|Any CPU
		{5A4BB707-FB63-40A1-9AF9-A3553CD30C02}.Debug|Any CPU.Build.0 = Debug|Any CPU
		{5A4BB707-FB63-40A1-9AF9-A3553CD30C02}.Debug|Any CPU.Deploy.0 = Debug|Any CPU
		{5A4BB707-FB63-40A1-9AF9-A3553CD30C02}.Release|Any CPU.ActiveCfg = Release|Any CPU
		{5A4BB707-FB63-40A1-9AF9-A3553CD30C02}.Release|Any CPU.Build.0 = Release|Any CPU
		{5A4BB707-FB63-40A1-9AF9-A3553CD30C02}.Release|Any CPU.Deploy.0 = Release|Any CPU
		{CF531B50-3AA2-44F8-A82B-D21F479CA781}.Debug|Any CPU.ActiveCfg = Debug|Any CPU
		{CF531B50-3AA2-44F8-A82B-D21F479CA781}.Debug|Any CPU.Build.0 = Debug|Any CPU
		{CF531B50-3AA2-44F8-A82B-D21F479CA781}.Debug|Any CPU.Deploy.0 = Debug|Any CPU
		{CF531B50-3AA2-44F8-A82B-D21F479CA781}.Release|Any CPU.ActiveCfg = Release|Any CPU
		{CF531B50-3AA2-44F8-A82B-D21F479CA781}.Release|Any CPU.Build.0 = Release|Any CPU
		{CF531B50-3AA2-44F8-A82B-D21F479CA781}.Release|Any CPU.Deploy.0 = Release|Any CPU
		{9B51DEE9-FB4A-439E-81AC-0537378C2835}.Debug|Any CPU.ActiveCfg = Debug|Any CPU
		{9B51DEE9-FB4A-439E-81AC-0537378C2835}.Debug|Any CPU.Build.0 = Debug|Any CPU
		{9B51DEE9-FB4A-439E-81AC-0537378C2835}.Release|Any CPU.ActiveCfg = Release|Any CPU
		{9B51DEE9-FB4A-439E-81AC-0537378C2835}.Release|Any CPU.Build.0 = Release|Any CPU
		{E5586019-E47F-4EAF-A0D8-A403710F1046}.Debug|Any CPU.ActiveCfg = Debug|Any CPU
		{E5586019-E47F-4EAF-A0D8-A403710F1046}.Debug|Any CPU.Build.0 = Debug|Any CPU
		{E5586019-E47F-4EAF-A0D8-A403710F1046}.Release|Any CPU.ActiveCfg = Release|Any CPU
		{E5586019-E47F-4EAF-A0D8-A403710F1046}.Release|Any CPU.Build.0 = Release|Any CPU
		{1052C01C-620E-4458-A616-15510F9CBFA2}.Debug|Any CPU.ActiveCfg = Debug|Any CPU
		{1052C01C-620E-4458-A616-15510F9CBFA2}.Debug|Any CPU.Build.0 = Debug|Any CPU
		{1052C01C-620E-4458-A616-15510F9CBFA2}.Release|Any CPU.ActiveCfg = Release|Any CPU
		{1052C01C-620E-4458-A616-15510F9CBFA2}.Release|Any CPU.Build.0 = Release|Any CPU
		{DA99F252-4324-45A9-A91D-47C1537F6EC0}.Debug|Any CPU.ActiveCfg = Debug|Any CPU
		{DA99F252-4324-45A9-A91D-47C1537F6EC0}.Debug|Any CPU.Build.0 = Debug|Any CPU
		{DA99F252-4324-45A9-A91D-47C1537F6EC0}.Release|Any CPU.ActiveCfg = Release|Any CPU
		{DA99F252-4324-45A9-A91D-47C1537F6EC0}.Release|Any CPU.Build.0 = Release|Any CPU
		{47143F4A-308C-45E8-900E-E29BD71CE956}.Debug|Any CPU.ActiveCfg = Debug|Any CPU
		{47143F4A-308C-45E8-900E-E29BD71CE956}.Debug|Any CPU.Build.0 = Debug|Any CPU
		{47143F4A-308C-45E8-900E-E29BD71CE956}.Release|Any CPU.ActiveCfg = Release|Any CPU
		{47143F4A-308C-45E8-900E-E29BD71CE956}.Release|Any CPU.Build.0 = Release|Any CPU
		{9960D716-A872-468B-A472-C89E2493AC25}.Debug|Any CPU.ActiveCfg = Debug|Any CPU
		{9960D716-A872-468B-A472-C89E2493AC25}.Debug|Any CPU.Build.0 = Debug|Any CPU
		{9960D716-A872-468B-A472-C89E2493AC25}.Release|Any CPU.ActiveCfg = Release|Any CPU
		{9960D716-A872-468B-A472-C89E2493AC25}.Release|Any CPU.Build.0 = Release|Any CPU
		{68FC56CE-D97A-4AE9-9F96-C2D628A2A32B}.Debug|Any CPU.ActiveCfg = Debug|Any CPU
		{68FC56CE-D97A-4AE9-9F96-C2D628A2A32B}.Debug|Any CPU.Build.0 = Debug|Any CPU
		{68FC56CE-D97A-4AE9-9F96-C2D628A2A32B}.Release|Any CPU.ActiveCfg = Release|Any CPU
		{68FC56CE-D97A-4AE9-9F96-C2D628A2A32B}.Release|Any CPU.Build.0 = Release|Any CPU
		{A52A3658-80E4-465F-857C-A2656E01D4D0}.Debug|Any CPU.ActiveCfg = Debug|Any CPU
		{A52A3658-80E4-465F-857C-A2656E01D4D0}.Debug|Any CPU.Build.0 = Debug|Any CPU
		{A52A3658-80E4-465F-857C-A2656E01D4D0}.Release|Any CPU.ActiveCfg = Release|Any CPU
		{A52A3658-80E4-465F-857C-A2656E01D4D0}.Release|Any CPU.Build.0 = Release|Any CPU
		{2E80F237-FAE1-4BE8-AFD7-031F4AB7B939}.Debug|Any CPU.ActiveCfg = Debug|Any CPU
		{2E80F237-FAE1-4BE8-AFD7-031F4AB7B939}.Debug|Any CPU.Build.0 = Debug|Any CPU
		{2E80F237-FAE1-4BE8-AFD7-031F4AB7B939}.Release|Any CPU.ActiveCfg = Release|Any CPU
		{2E80F237-FAE1-4BE8-AFD7-031F4AB7B939}.Release|Any CPU.Build.0 = Release|Any CPU
	EndGlobalSection
	GlobalSection(SolutionProperties) = preSolution
		HideSolutionNode = FALSE
	EndGlobalSection
	GlobalSection(NestedProjects) = preSolution
		{FFC24FE7-3A60-4EBB-B9AE-467B8B272E51} = {301D6075-6E8E-448B-B4E1-2667538C599E}
		{F0225AB4-2836-492A-B0E2-6A0B0667E555} = {535EEF89-F922-4C50-B714-184DBDAD6597}
		{FE682F58-F6CA-4E1D-8DED-66BC07BA3972} = {0B879EDA-4DC3-4632-81D3-5F3807E070F3}
		{5A4BB707-FB63-40A1-9AF9-A3553CD30C02} = {B847CBC3-2B9F-46AE-8082-F37F9EDBAFC0}
		{CF531B50-3AA2-44F8-A82B-D21F479CA781} = {B7FAFCDD-492F-462B-94EA-59602F55033A}
		{9B51DEE9-FB4A-439E-81AC-0537378C2835} = {535EEF89-F922-4C50-B714-184DBDAD6597}
		{E5586019-E47F-4EAF-A0D8-A403710F1046} = {B7FAFCDD-492F-462B-94EA-59602F55033A}
		{1052C01C-620E-4458-A616-15510F9CBFA2} = {0B879EDA-4DC3-4632-81D3-5F3807E070F3}
		{DA99F252-4324-45A9-A91D-47C1537F6EC0} = {301D6075-6E8E-448B-B4E1-2667538C599E}
		{47143F4A-308C-45E8-900E-E29BD71CE956} = {B847CBC3-2B9F-46AE-8082-F37F9EDBAFC0}
		{9960D716-A872-468B-A472-C89E2493AC25} = {C249EE2A-3B49-40CF-8FD5-4CA8B512530B}
		{A52A3658-80E4-465F-857C-A2656E01D4D0} = {0B879EDA-4DC3-4632-81D3-5F3807E070F3}
		{2E80F237-FAE1-4BE8-AFD7-031F4AB7B939} = {C249EE2A-3B49-40CF-8FD5-4CA8B512530B}
	EndGlobalSection
	GlobalSection(ExtensibilityGlobals) = postSolution
		SolutionGuid = {46272F77-407E-4A65-AD1C-3B1479BE63E0}
	EndGlobalSection
EndGlobal
